
Microsoft Visual Studio Solution File, Format Version 12.00
# Visual Studio Version 17
VisualStudioVersion = 17.1.32319.34
MinimumVisualStudioVersion = 10.0.40219.1
Project("{FAE04EC0-301F-11D3-BF4B-00C04F79EFBC}") = "ToDoList", "ToDoList\ToDoList.csproj", "{06ED2563-F91A-4F27-852F-4429CB44D9C1}"
EndProject
Global
	GlobalSection(SolutionConfigurationPlatforms) = preSolution
		Debug|Any CPU = Debug|Any CPU
		Release|Any CPU = Release|Any CPU
	EndGlobalSection
	GlobalSection(ProjectConfigurationPlatforms) = postSolution
		{06ED2563-F91A-4F27-852F-4429CB44D9C1}.Debug|Any CPU.ActiveCfg = Debug|Any CPU
		{06ED2563-F91A-4F27-852F-4429CB44D9C1}.Debug|Any CPU.Build.0 = Debug|Any CPU
		{06ED2563-F91A-4F27-852F-4429CB44D9C1}.Release|Any CPU.ActiveCfg = Release|Any CPU
		{06ED2563-F91A-4F27-852F-4429CB44D9C1}.Release|Any CPU.Build.0 = Release|Any CPU
	EndGlobalSection
	GlobalSection(SolutionProperties) = preSolution
		HideSolutionNode = FALSE
	EndGlobalSection
	GlobalSection(ExtensibilityGlobals) = postSolution
		SolutionGuid = {9186DCC2-A4D0-484A-B439-8E1D0749D419}
	EndGlobalSection
EndGlobal
